
Microsoft Visual Studio Solution File, Format Version 12.00
# Visual Studio Version 17
VisualStudioVersion = 17.9.34728.123
MinimumVisualStudioVersion = 10.0.40219.1
Project("{8BC9CEB8-8B4A-11D0-8D11-00A0C91BC942}") = "MT3_01_01", "MT3_01_01.vcxproj", "{8FB5556E-2B1C-4E10-A947-4F9C1F77D656}"
EndProject
Global
	GlobalSection(SolutionConfigurationPlatforms) = preSolution
		Debug|x64 = Debug|x64
		Release|x64 = Release|x64
	EndGlobalSection
	GlobalSection(ProjectConfigurationPlatforms) = postSolution
		{8FB5556E-2B1C-4E10-A947-4F9C1F77D656}.Debug|x64.ActiveCfg = Debug|x64
		{8FB5556E-2B1C-4E10-A947-4F9C1F77D656}.Debug|x64.Build.0 = Debug|x64
		{8FB5556E-2B1C-4E10-A947-4F9C1F77D656}.Release|x64.ActiveCfg = Release|x64
		{8FB5556E-2B1C-4E10-A947-4F9C1F77D656}.Release|x64.Build.0 = Release|x64
	EndGlobalSection
	GlobalSection(SolutionProperties) = preSolution
		HideSolutionNode = FALSE
	EndGlobalSection
	GlobalSection(ExtensibilityGlobals) = postSolution
		SolutionGuid = {E5115BD0-99E1-4D38-ACC2-CF311DEDC192}
	EndGlobalSection
EndGlobal
